<Solution>
  <Project Path="MusicHoarder.Api.Tests/MusicHoarder.Api.Tests.csproj" />
  <Project Path="MusicHoarder.Api/MusicHoarder.Api.csproj" />
  <Project Path="MusicHoarder.AppHost/MusicHoarder.AppHost.csproj" />
  <Project Path="MusicHoarder.ServiceDefaults/MusicHoarder.ServiceDefaults.csproj" />
</Solution>
