Microsoft Visual Studio Solution File, Format Version 12.00
# Visual Studio Version 17
VisualStudioVersion = 17.5.2.0
MinimumVisualStudioVersion = 10.0.40219.1
Project("{FAE04EC0-301F-11D3-BF4B-00C04F79EFBC}") = "MusicHoarder.ServiceDefaults", "MusicHoarder.ServiceDefaults\MusicHoarder.ServiceDefaults.csproj", "{932DF5D1-15B7-7355-1B76-5FDE92430B1F}"
EndProject
Project("{FAE04EC0-301F-11D3-BF4B-00C04F79EFBC}") = "MusicHoarder.Api", "MusicHoarder.Api\MusicHoarder.Api.csproj", "{5DE2BE9E-4C0F-1D57-93B7-03858EF569EC}"
EndProject
Project("{FAE04EC0-301F-11D3-BF4B-00C04F79EFBC}") = "MusicHoarder.AppHost", "MusicHoarder.AppHost\MusicHoarder.AppHost.csproj", "{E2B5540C-00F8-4EDA-3F6D-A6DECE375ACA}"
EndProject
Project("{FAE04EC0-301F-11D3-BF4B-00C04F79EFBC}") = "MusicHoarder.Api.Tests", "MusicHoarder.Api.Tests\MusicHoarder.Api.Tests.csproj", "{D64298B4-18D6-14D1-AE62-4C3575C4B65A}"
EndProject
Global
	GlobalSection(SolutionConfigurationPlatforms) = preSolution
		Debug|Any CPU = Debug|Any CPU
		Release|Any CPU = Release|Any CPU
	EndGlobalSection
	GlobalSection(ProjectConfigurationPlatforms) = postSolution
		{932DF5D1-15B7-7355-1B76-5FDE92430B1F}.Debug|Any CPU.ActiveCfg = Debug|Any CPU
		{932DF5D1-15B7-7355-1B76-5FDE92430B1F}.Debug|Any CPU.Build.0 = Debug|Any CPU
		{932DF5D1-15B7-7355-1B76-5FDE92430B1F}.Release|Any CPU.ActiveCfg = Release|Any CPU
		{932DF5D1-15B7-7355-1B76-5FDE92430B1F}.Release|Any CPU.Build.0 = Release|Any CPU
		{5DE2BE9E-4C0F-1D57-93B7-03858EF569EC}.Debug|Any CPU.ActiveCfg = Debug|Any CPU
		{5DE2BE9E-4C0F-1D57-93B7-03858EF569EC}.Debug|Any CPU.Build.0 = Debug|Any CPU
		{5DE2BE9E-4C0F-1D57-93B7-03858EF569EC}.Release|Any CPU.ActiveCfg = Release|Any CPU
		{5DE2BE9E-4C0F-1D57-93B7-03858EF569EC}.Release|Any CPU.Build.0 = Release|Any CPU
		{E2B5540C-00F8-4EDA-3F6D-A6DECE375ACA}.Debug|Any CPU.ActiveCfg = Debug|Any CPU
		{E2B5540C-00F8-4EDA-3F6D-A6DECE375ACA}.Debug|Any CPU.Build.0 = Debug|Any CPU
		{E2B5540C-00F8-4EDA-3F6D-A6DECE375ACA}.Release|Any CPU.ActiveCfg = Release|Any CPU
		{E2B5540C-00F8-4EDA-3F6D-A6DECE375ACA}.Release|Any CPU.Build.0 = Release|Any CPU
		{D64298B4-18D6-14D1-AE62-4C3575C4B65A}.Debug|Any CPU.ActiveCfg = Debug|Any CPU
		{D64298B4-18D6-14D1-AE62-4C3575C4B65A}.Debug|Any CPU.Build.0 = Debug|Any CPU
		{D64298B4-18D6-14D1-AE62-4C3575C4B65A}.Release|Any CPU.ActiveCfg = Release|Any CPU
		{D64298B4-18D6-14D1-AE62-4C3575C4B65A}.Release|Any CPU.Build.0 = Release|Any CPU
	EndGlobalSection
	GlobalSection(SolutionProperties) = preSolution
		HideSolutionNode = FALSE
	EndGlobalSection
	GlobalSection(ExtensibilityGlobals) = postSolution
		SolutionGuid = {E68A7B04-B666-4E69-B6A1-11A50129D3D0}
	EndGlobalSection
EndGlobal
